{
  "name": "kkmk",
  "lockfileVersion": 3,
  "requires": true,
  "packages": {
    "": {
      "devDependencies": {
        "@types/leaflet": "^1.9.20",
        "@types/react-leaflet": "^2.8.3"
      }
    },
    "node_modules/@types/geojson": {
      "version": "7946.0.16",
      "dev": true,
      "license": "MIT"
    },
    "node_modules/@types/leaflet": {
      "version": "1.9.20",
      "resolved": "https://registry.npmjs.org/@types/leaflet/-/leaflet-1.9.20.tgz",
      "integrity": "sha512-rooalPMlk61LCaLOvBF2VIf9M47HgMQqi5xQ9QRi7c8PkdIe0WrIi5IxXUXQjAdL0c+vcQ01mYWbthzmp9GHWw==",
      "dev": true,
      "license": "MIT",
      "dependencies": {
        "@types/geojson": "*"
      }
    },
    "node_modules/@types/prop-types": {
      "version": "15.7.14",
      "dev": true,
      "license": "MIT"
    },
    "node_modules/@types/react": {
      "version": "18.3.18",
      "dev": true,
      "license": "MIT",
      "dependencies": {
        "@types/prop-types": "*",
        "csstype": "^3.0.2"
      }
    },
    "node_modules/@types/react-leaflet": {
      "version": "2.8.3",
      "resolved": "https://registry.npmjs.org/@types/react-leaflet/-/react-leaflet-2.8.3.tgz",
      "integrity": "sha512-MeBQnVQe6ikw8dkuZE4F96PvMdQeilZG6/ekk5XxhkSzU3lofedULn3UR/6G0uIHjbRazi4DA8LnLACX0bPhBg==",
      "dev": true,
      "license": "MIT",
      "dependencies": {
        "@types/leaflet": "*",
        "@types/react": "*"
      }
    },
    "node_modules/csstype": {
      "version": "3.1.3",
      "dev": true,
      "license": "MIT"
    }
  }
}
